
Microsoft Visual Studio Solution File, Format Version 12.00
# Visual Studio Version 16
VisualStudioVersion = 16.0.34601.136
MinimumVisualStudioVersion = 10.0.40219.1
Project("{FAE04EC0-301F-11D3-BF4B-00C04F79EFBC}") = "Repaso_2dobloqueSA", "Repaso_2dobloqueSA.csproj", "{3FE95AD9-3A17-40F4-A775-51D25C22C8EE}"
EndProject
Global
	GlobalSection(SolutionConfigurationPlatforms) = preSolution
		Debug|Any CPU = Debug|Any CPU
		Release|Any CPU = Release|Any CPU
	EndGlobalSection
	GlobalSection(ProjectConfigurationPlatforms) = postSolution
		{3FE95AD9-3A17-40F4-A775-51D25C22C8EE}.Debug|Any CPU.ActiveCfg = Debug|Any CPU
		{3FE95AD9-3A17-40F4-A775-51D25C22C8EE}.Debug|Any CPU.Build.0 = Debug|Any CPU
		{3FE95AD9-3A17-40F4-A775-51D25C22C8EE}.Release|Any CPU.ActiveCfg = Release|Any CPU
		{3FE95AD9-3A17-40F4-A775-51D25C22C8EE}.Release|Any CPU.Build.0 = Release|Any CPU
	EndGlobalSection
	GlobalSection(SolutionProperties) = preSolution
		HideSolutionNode = FALSE
	EndGlobalSection
	GlobalSection(ExtensibilityGlobals) = postSolution
		SolutionGuid = {07661EC6-FF3A-49FC-B9D8-0001576C8B4E}
	EndGlobalSection
EndGlobal
